// !$*UTF8*$!
{
	archiveVersion = 1;
	classes = {
	};
	objectVersion = 56;
	objects = {

/* Begin PBXBuildFile section */
		2A39EC802922145400C95331 /* Localizable.strings in Resources */ = {isa = PBXBuildFile; fileRef = 2A39EC7F2922144E00C95331 /* Localizable.strings */; };
		2A39ECC32922419B00C95331 /* GetProductUseCase.swift in Sources */ = {isa = PBXBuildFile; fileRef = 2A39ECC22922419B00C95331 /* GetProductUseCase.swift */; };
		2A39ECD229225DA200C95331 /* GetProductPresenter.swift in Sources */ = {isa = PBXBuildFile; fileRef = 2A39ECCF29225D2B00C95331 /* GetProductPresenter.swift */; };
		2A39ECD429225FBC00C95331 /* GetOtherProductUseCase.swift in Sources */ = {isa = PBXBuildFile; fileRef = 2A39ECD329225FBB00C95331 /* GetOtherProductUseCase.swift */; };
		2A5F4614291CE1A500216799 /* Product.docc in Sources */ = {isa = PBXBuildFile; fileRef = 2A5F4613291CE1A500216799 /* Product.docc */; };
		2A5F4615291CE1A500216799 /* Product.h in Headers */ = {isa = PBXBuildFile; fileRef = 2A5F4612291CE1A500216799 /* Product.h */; settings = {ATTRIBUTES = (Public, ); }; };
		2A5F4624291CE52F00216799 /* ProductView.swift in Sources */ = {isa = PBXBuildFile; fileRef = 2A5F4623291CE52F00216799 /* ProductView.swift */; };
		2A5F4626291CE5EC00216799 /* ProductDetailView.swift in Sources */ = {isa = PBXBuildFile; fileRef = 2A5F4625291CE5EC00216799 /* ProductDetailView.swift */; };
		2A5F4644291E372200216799 /* Common.framework in Frameworks */ = {isa = PBXBuildFile; fileRef = 2A5F4643291E372200216799 /* Common.framework */; };
		2A62F3192924E07A00E4832E /* Core.framework in Frameworks */ = {isa = PBXBuildFile; fileRef = 2A62F3182924E07A00E4832E /* Core.framework */; platformFilter = ios; };
		D0EE18081B94B80E15ADCF8A /* Pods_Product.framework in Frameworks */ = {isa = PBXBuildFile; fileRef = 5DB4831B6F0F32BC536AFA5F /* Pods_Product.framework */; };
/* End PBXBuildFile section */

/* Begin PBXFileReference section */
		2A39EC7C2922144E00C95331 /* en */ = {isa = PBXFileReference; lastKnownFileType = text.plist.strings; name = en; path = en.lproj/Localizable.strings; sourceTree = "<group>"; };
		2A39EC7D2922144E00C95331 /* id */ = {isa = PBXFileReference; lastKnownFileType = text.plist.strings; name = id; path = id.lproj/Localizable.strings; sourceTree = "<group>"; };
		2A39EC7E2922144E00C95331 /* ja */ = {isa = PBXFileReference; lastKnownFileType = text.plist.strings; name = ja; path = ja.lproj/Localizable.strings; sourceTree = "<group>"; };
		2A39ECC22922419B00C95331 /* GetProductUseCase.swift */ = {isa = PBXFileReference; lastKnownFileType = sourcecode.swift; path = GetProductUseCase.swift; sourceTree = "<group>"; };
		2A39ECCF29225D2B00C95331 /* GetProductPresenter.swift */ = {isa = PBXFileReference; lastKnownFileType = sourcecode.swift; path = GetProductPresenter.swift; sourceTree = "<group>"; };
		2A39ECD329225FBB00C95331 /* GetOtherProductUseCase.swift */ = {isa = PBXFileReference; lastKnownFileType = sourcecode.swift; path = GetOtherProductUseCase.swift; sourceTree = "<group>"; };
		2A5F460F291CE1A500216799 /* Product.framework */ = {isa = PBXFileReference; explicitFileType = wrapper.framework; includeInIndex = 0; path = Product.framework; sourceTree = BUILT_PRODUCTS_DIR; };
		2A5F4612291CE1A500216799 /* Product.h */ = {isa = PBXFileReference; lastKnownFileType = sourcecode.c.h; path = Product.h; sourceTree = "<group>"; };
		2A5F4613291CE1A500216799 /* Product.docc */ = {isa = PBXFileReference; lastKnownFileType = folder.documentationcatalog; path = Product.docc; sourceTree = "<group>"; };
		2A5F4623291CE52F00216799 /* ProductView.swift */ = {isa = PBXFileReference; lastKnownFileType = sourcecode.swift; path = ProductView.swift; sourceTree = "<group>"; };
		2A5F4625291CE5EC00216799 /* ProductDetailView.swift */ = {isa = PBXFileReference; lastKnownFileType = sourcecode.swift; path = ProductDetailView.swift; sourceTree = "<group>"; };
		2A5F4643291E372200216799 /* Common.framework */ = {isa = PBXFileReference; explicitFileType = wrapper.framework; path = Common.framework; sourceTree = BUILT_PRODUCTS_DIR; };
		2A62F3182924E07A00E4832E /* Core.framework */ = {isa = PBXFileReference; lastKnownFileType = wrapper.framework; path = Core.framework; sourceTree = "<group>"; };
		44A060D258EE8A82689E8EE6 /* Pods-Product.release.xcconfig */ = {isa = PBXFileReference; includeInIndex = 1; lastKnownFileType = text.xcconfig; name = "Pods-Product.release.xcconfig"; path = "Target Support Files/Pods-Product/Pods-Product.release.xcconfig"; sourceTree = "<group>"; };
		5DB4831B6F0F32BC536AFA5F /* Pods_Product.framework */ = {isa = PBXFileReference; explicitFileType = wrapper.framework; includeInIndex = 0; path = Pods_Product.framework; sourceTree = BUILT_PRODUCTS_DIR; };
		AB61E888836DC20E83E68607 /* Pods-Product.debug.xcconfig */ = {isa = PBXFileReference; includeInIndex = 1; lastKnownFileType = text.xcconfig; name = "Pods-Product.debug.xcconfig"; path = "Target Support Files/Pods-Product/Pods-Product.debug.xcconfig"; sourceTree = "<group>"; };
/* End PBXFileReference section */

/* Begin PBXFrameworksBuildPhase section */
		2A5F460C291CE1A500216799 /* Frameworks */ = {
			isa = PBXFrameworksBuildPhase;
			buildActionMask = 2147483647;
			files = (
				D0EE18081B94B80E15ADCF8A /* Pods_Product.framework in Frameworks */,
				2A62F3192924E07A00E4832E /* Core.framework in Frameworks */,
				2A5F4644291E372200216799 /* Common.framework in Frameworks */,
			);
			runOnlyForDeploymentPostprocessing = 0;
		};
/* End PBXFrameworksBuildPhase section */

/* Begin PBXGroup section */
		2A39ECC02922418800C95331 /* Domain */ = {
			isa = PBXGroup;
			children = (
				2A39ECC12922418F00C95331 /* UseCase */,
			);
			path = Domain;
			sourceTree = "<group>";
		};
		2A39ECC12922418F00C95331 /* UseCase */ = {
			isa = PBXGroup;
			children = (
				2A39ECC22922419B00C95331 /* GetProductUseCase.swift */,
				2A39ECD329225FBB00C95331 /* GetOtherProductUseCase.swift */,
			);
			path = UseCase;
			sourceTree = "<group>";
		};
		2A39ECD029225D2B00C95331 /* Presenter */ = {
			isa = PBXGroup;
			children = (
				2A39ECCF29225D2B00C95331 /* GetProductPresenter.swift */,
			);
			path = Presenter;
			sourceTree = "<group>";
		};
		2A39ECD129225D2B00C95331 /* Presentation */ = {
			isa = PBXGroup;
			children = (
				2A5F4623291CE52F00216799 /* ProductView.swift */,
				2A5F4625291CE5EC00216799 /* ProductDetailView.swift */,
				2A39ECD029225D2B00C95331 /* Presenter */,
			);
			path = Presentation;
			sourceTree = "<group>";
		};
		2A5F4605291CE1A500216799 = {
			isa = PBXGroup;
			children = (
				2A5F4611291CE1A500216799 /* Product */,
				2A5F4610291CE1A500216799 /* Products */,
				B5552E19820826CB435189DC /* Pods */,
				D51FB4B51DCB4DA16E8FE93A /* Frameworks */,
			);
			sourceTree = "<group>";
		};
		2A5F4610291CE1A500216799 /* Products */ = {
			isa = PBXGroup;
			children = (
				2A5F460F291CE1A500216799 /* Product.framework */,
			);
			name = Products;
			sourceTree = "<group>";
		};
		2A5F4611291CE1A500216799 /* Product */ = {
			isa = PBXGroup;
			children = (
				2A39ECD129225D2B00C95331 /* Presentation */,
				2A39ECC02922418800C95331 /* Domain */,
				2A39EC7F2922144E00C95331 /* Localizable.strings */,
				2A5F4612291CE1A500216799 /* Product.h */,
				2A5F4613291CE1A500216799 /* Product.docc */,
			);
			path = Product;
			sourceTree = "<group>";
		};
		B5552E19820826CB435189DC /* Pods */ = {
			isa = PBXGroup;
			children = (
				AB61E888836DC20E83E68607 /* Pods-Product.debug.xcconfig */,
				44A060D258EE8A82689E8EE6 /* Pods-Product.release.xcconfig */,
			);
			name = Pods;
			path = ../App/Pods;
			sourceTree = "<group>";
		};
		D51FB4B51DCB4DA16E8FE93A /* Frameworks */ = {
			isa = PBXGroup;
			children = (
				2A62F3182924E07A00E4832E /* Core.framework */,
				2A5F4643291E372200216799 /* Common.framework */,
				5DB4831B6F0F32BC536AFA5F /* Pods_Product.framework */,
			);
			name = Frameworks;
			sourceTree = "<group>";
		};
/* End PBXGroup section */

/* Begin PBXHeadersBuildPhase section */
		2A5F460A291CE1A500216799 /* Headers */ = {
			isa = PBXHeadersBuildPhase;
			buildActionMask = 2147483647;
			files = (
				2A5F4615291CE1A500216799 /* Product.h in Headers */,
			);
			runOnlyForDeploymentPostprocessing = 0;
		};
/* End PBXHeadersBuildPhase section */

/* Begin PBXNativeTarget section */
		2A5F460E291CE1A500216799 /* Product */ = {
			isa = PBXNativeTarget;
			buildConfigurationList = 2A5F4618291CE1A500216799 /* Build configuration list for PBXNativeTarget "Product" */;
			buildPhases = (
				5E17153751EEFCA6ABC4D678 /* [CP] Check Pods Manifest.lock */,
				2A5F460A291CE1A500216799 /* Headers */,
				2A5F460B291CE1A500216799 /* Sources */,
				2A5F460C291CE1A500216799 /* Frameworks */,
				2A5F460D291CE1A500216799 /* Resources */,
			);
			buildRules = (
			);
			dependencies = (
			);
			name = Product;
			productName = Product;
			productReference = 2A5F460F291CE1A500216799 /* Product.framework */;
			productType = "com.apple.product-type.framework";
		};
/* End PBXNativeTarget section */

/* Begin PBXProject section */
		2A5F4606291CE1A500216799 /* Project object */ = {
			isa = PBXProject;
			attributes = {
				BuildIndependentTargetsInParallel = 1;
				LastUpgradeCheck = 1410;
				TargetAttributes = {
					2A5F460E291CE1A500216799 = {
						CreatedOnToolsVersion = 14.1;
					};
				};
			};
			buildConfigurationList = 2A5F4609291CE1A500216799 /* Build configuration list for PBXProject "Product" */;
			compatibilityVersion = "Xcode 14.0";
			developmentRegion = en;
			hasScannedForEncodings = 0;
			knownRegions = (
				en,
				id,
				ja,
				Base,
			);
			mainGroup = 2A5F4605291CE1A500216799;
			productRefGroup = 2A5F4610291CE1A500216799 /* Products */;
			projectDirPath = "";
			projectRoot = "";
			targets = (
				2A5F460E291CE1A500216799 /* Product */,
			);
		};
/* End PBXProject section */

/* Begin PBXResourcesBuildPhase section */
		2A5F460D291CE1A500216799 /* Resources */ = {
			isa = PBXResourcesBuildPhase;
			buildActionMask = 2147483647;
			files = (
				2A39EC802922145400C95331 /* Localizable.strings in Resources */,
			);
			runOnlyForDeploymentPostprocessing = 0;
		};
/* End PBXResourcesBuildPhase section */

/* Begin PBXShellScriptBuildPhase section */
		5E17153751EEFCA6ABC4D678 /* [CP] Check Pods Manifest.lock */ = {
			isa = PBXShellScriptBuildPhase;
			buildActionMask = 2147483647;
			files = (
			);
			inputFileListPaths = (
			);
			inputPaths = (
				"${PODS_PODFILE_DIR_PATH}/Podfile.lock",
				"${PODS_ROOT}/Manifest.lock",
			);
			name = "[CP] Check Pods Manifest.lock";
			outputFileListPaths = (
			);
			outputPaths = (
				"$(DERIVED_FILE_DIR)/Pods-Product-checkManifestLockResult.txt",
			);
			runOnlyForDeploymentPostprocessing = 0;
			shellPath = /bin/sh;
			shellScript = "diff \"${PODS_PODFILE_DIR_PATH}/Podfile.lock\" \"${PODS_ROOT}/Manifest.lock\" > /dev/null\nif [ $? != 0 ] ; then\n    # print error to STDERR\n    echo \"error: The sandbox is not in sync with the Podfile.lock. Run 'pod install' or update your CocoaPods installation.\" >&2\n    exit 1\nfi\n# This output is used by Xcode 'outputs' to avoid re-running this script phase.\necho \"SUCCESS\" > \"${SCRIPT_OUTPUT_FILE_0}\"\n";
			showEnvVarsInLog = 0;
		};
/* End PBXShellScriptBuildPhase section */

/* Begin PBXSourcesBuildPhase section */
		2A5F460B291CE1A500216799 /* Sources */ = {
			isa = PBXSourcesBuildPhase;
			buildActionMask = 2147483647;
			files = (
				2A39ECC32922419B00C95331 /* GetProductUseCase.swift in Sources */,
				2A5F4624291CE52F00216799 /* ProductView.swift in Sources */,
				2A5F4614291CE1A500216799 /* Product.docc in Sources */,
				2A39ECD229225DA200C95331 /* GetProductPresenter.swift in Sources */,
				2A5F4626291CE5EC00216799 /* ProductDetailView.swift in Sources */,
				2A39ECD429225FBC00C95331 /* GetOtherProductUseCase.swift in Sources */,
			);
			runOnlyForDeploymentPostprocessing = 0;
		};
/* End PBXSourcesBuildPhase section */

/* Begin PBXVariantGroup section */
		2A39EC7F2922144E00C95331 /* Localizable.strings */ = {
			isa = PBXVariantGroup;
			children = (
				2A39EC7C2922144E00C95331 /* en */,
				2A39EC7D2922144E00C95331 /* id */,
				2A39EC7E2922144E00C95331 /* ja */,
			);
			name = Localizable.strings;
			sourceTree = "<group>";
		};
/* End PBXVariantGroup section */

/* Begin XCBuildConfiguration section */
		2A5F4616291CE1A500216799 /* Debug */ = {
			isa = XCBuildConfiguration;
			buildSettings = {
				ALWAYS_SEARCH_USER_PATHS = NO;
				CLANG_ANALYZER_LOCALIZABILITY_NONLOCALIZED = YES;
				CLANG_ANALYZER_NONNULL = YES;
				CLANG_ANALYZER_NUMBER_OBJECT_CONVERSION = YES_AGGRESSIVE;
				CLANG_CXX_LANGUAGE_STANDARD = "gnu++20";
				CLANG_ENABLE_MODULES = YES;
				CLANG_ENABLE_OBJC_ARC = YES;
				CLANG_ENABLE_OBJC_WEAK = YES;
				CLANG_WARN_BLOCK_CAPTURE_AUTORELEASING = YES;
				CLANG_WARN_BOOL_CONVERSION = YES;
				CLANG_WARN_COMMA = YES;
				CLANG_WARN_CONSTANT_CONVERSION = YES;
				CLANG_WARN_DEPRECATED_OBJC_IMPLEMENTATIONS = YES;
				CLANG_WARN_DIRECT_OBJC_ISA_USAGE = YES_ERROR;
				CLANG_WARN_DOCUMENTATION_COMMENTS = YES;
				CLANG_WARN_EMPTY_BODY = YES;
				CLANG_WARN_ENUM_CONVERSION = YES;
				CLANG_WARN_INFINITE_RECURSION = YES;
				CLANG_WARN_INT_CONVERSION = YES;
				CLANG_WARN_NON_LITERAL_NULL_CONVERSION = YES;
				CLANG_WARN_OBJC_IMPLICIT_RETAIN_SELF = YES;
				CLANG_WARN_OBJC_LITERAL_CONVERSION = YES;
				CLANG_WARN_OBJC_ROOT_CLASS = YES_ERROR;
				CLANG_WARN_QUOTED_INCLUDE_IN_FRAMEWORK_HEADER = YES;
				CLANG_WARN_RANGE_LOOP_ANALYSIS = YES;
				CLANG_WARN_STRICT_PROTOTYPES = YES;
				CLANG_WARN_SUSPICIOUS_MOVE = YES;
				CLANG_WARN_UNGUARDED_AVAILABILITY = YES_AGGRESSIVE;
				CLANG_WARN_UNREACHABLE_CODE = YES;
				CLANG_WARN__DUPLICATE_METHOD_MATCH = YES;
				COPY_PHASE_STRIP = NO;
				CURRENT_PROJECT_VERSION = 1;
				DEBUG_INFORMATION_FORMAT = dwarf;
				ENABLE_STRICT_OBJC_MSGSEND = YES;
				ENABLE_TESTABILITY = YES;
				EXCLUDED_ARCHS = "arm64 arm64e armv7 armv7s armv6 armv8";
				GCC_C_LANGUAGE_STANDARD = gnu11;
				GCC_DYNAMIC_NO_PIC = NO;
				GCC_NO_COMMON_BLOCKS = YES;
				GCC_OPTIMIZATION_LEVEL = 0;
				GCC_PREPROCESSOR_DEFINITIONS = (
					"DEBUG=1",
					"$(inherited)",
				);
				GCC_WARN_64_TO_32_BIT_CONVERSION = YES;
				GCC_WARN_ABOUT_RETURN_TYPE = YES_ERROR;
				GCC_WARN_UNDECLARED_SELECTOR = YES;
				GCC_WARN_UNINITIALIZED_AUTOS = YES_AGGRESSIVE;
				GCC_WARN_UNUSED_FUNCTION = YES;
				GCC_WARN_UNUSED_VARIABLE = YES;
				IPHONEOS_DEPLOYMENT_TARGET = 16.1;
				MTL_ENABLE_DEBUG_INFO = INCLUDE_SOURCE;
				MTL_FAST_MATH = YES;
				ONLY_ACTIVE_ARCH = NO;
				SDKROOT = iphoneos;
				SWIFT_ACTIVE_COMPILATION_CONDITIONS = DEBUG;
				SWIFT_OPTIMIZATION_LEVEL = "-Onone";
				VERSIONING_SYSTEM = "apple-generic";
				VERSION_INFO_PREFIX = "";
			};
			name = Debug;
		};
		2A5F4617291CE1A500216799 /* Release */ = {
			isa = XCBuildConfiguration;
			buildSettings = {
				ALWAYS_SEARCH_USER_PATHS = NO;
				CLANG_ANALYZER_LOCALIZABILITY_NONLOCALIZED = YES;
				CLANG_ANALYZER_NONNULL = YES;
				CLANG_ANALYZER_NUMBER_OBJECT_CONVERSION = YES_AGGRESSIVE;
				CLANG_CXX_LANGUAGE_STANDARD = "gnu++20";
				CLANG_ENABLE_MODULES = YES;
				CLANG_ENABLE_OBJC_ARC = YES;
				CLANG_ENABLE_OBJC_WEAK = YES;
				CLANG_WARN_BLOCK_CAPTURE_AUTORELEASING = YES;
				CLANG_WARN_BOOL_CONVERSION = YES;
				CLANG_WARN_COMMA = YES;
				CLANG_WARN_CONSTANT_CONVERSION = YES;
				CLANG_WARN_DEPRECATED_OBJC_IMPLEMENTATIONS = YES;
				CLANG_WARN_DIRECT_OBJC_ISA_USAGE = YES_ERROR;
				CLANG_WARN_DOCUMENTATION_COMMENTS = YES;
				CLANG_WARN_EMPTY_BODY = YES;
				CLANG_WARN_ENUM_CONVERSION = YES;
				CLANG_WARN_INFINITE_RECURSION = YES;
				CLANG_WARN_INT_CONVERSION = YES;
				CLANG_WARN_NON_LITERAL_NULL_CONVERSION = YES;
				CLANG_WARN_OBJC_IMPLICIT_RETAIN_SELF = YES;
				CLANG_WARN_OBJC_LITERAL_CONVERSION = YES;
				CLANG_WARN_OBJC_ROOT_CLASS = YES_ERROR;
				CLANG_WARN_QUOTED_INCLUDE_IN_FRAMEWORK_HEADER = YES;
				CLANG_WARN_RANGE_LOOP_ANALYSIS = YES;
				CLANG_WARN_STRICT_PROTOTYPES = YES;
				CLANG_WARN_SUSPICIOUS_MOVE = YES;
				CLANG_WARN_UNGUARDED_AVAILABILITY = YES_AGGRESSIVE;
				CLANG_WARN_UNREACHABLE_CODE = YES;
				CLANG_WARN__DUPLICATE_METHOD_MATCH = YES;
				COPY_PHASE_STRIP = NO;
				CURRENT_PROJECT_VERSION = 1;
				DEBUG_INFORMATION_FORMAT = "dwarf-with-dsym";
				ENABLE_NS_ASSERTIONS = NO;
				ENABLE_STRICT_OBJC_MSGSEND = YES;
				EXCLUDED_ARCHS = "arm64 arm64e armv7 armv7s armv6 armv8";
				GCC_C_LANGUAGE_STANDARD = gnu11;
				GCC_NO_COMMON_BLOCKS = YES;
				GCC_WARN_64_TO_32_BIT_CONVERSION = YES;
				GCC_WARN_ABOUT_RETURN_TYPE = YES_ERROR;
				GCC_WARN_UNDECLARED_SELECTOR = YES;
				GCC_WARN_UNINITIALIZED_AUTOS = YES_AGGRESSIVE;
				GCC_WARN_UNUSED_FUNCTION = YES;
				GCC_WARN_UNUSED_VARIABLE = YES;
				IPHONEOS_DEPLOYMENT_TARGET = 16.1;
				MTL_ENABLE_DEBUG_INFO = NO;
				MTL_FAST_MATH = YES;
				ONLY_ACTIVE_ARCH = NO;
				SDKROOT = iphoneos;
				SWIFT_COMPILATION_MODE = wholemodule;
				SWIFT_OPTIMIZATION_LEVEL = "-O";
				VALIDATE_PRODUCT = YES;
				VERSIONING_SYSTEM = "apple-generic";
				VERSION_INFO_PREFIX = "";
			};
			name = Release;
		};
		2A5F4619291CE1A500216799 /* Debug */ = {
			isa = XCBuildConfiguration;
			baseConfigurationReference = AB61E888836DC20E83E68607 /* Pods-Product.debug.xcconfig */;
			buildSettings = {
				CODE_SIGN_STYLE = Automatic;
				CURRENT_PROJECT_VERSION = 1;
				DEFINES_MODULE = YES;
				DYLIB_COMPATIBILITY_VERSION = 1;
				DYLIB_CURRENT_VERSION = 1;
				DYLIB_INSTALL_NAME_BASE = "@rpath";
				EXCLUDED_ARCHS = "";
				FRAMEWORK_SEARCH_PATHS = (
					"$(inherited)",
					"$(PROJECT_DIR)",
				);
				GENERATE_INFOPLIST_FILE = YES;
				INFOPLIST_KEY_NSHumanReadableCopyright = "";
				INSTALL_PATH = "$(LOCAL_LIBRARY_DIR)/Frameworks";
				LD_RUNPATH_SEARCH_PATHS = (
					"$(inherited)",
					"@executable_path/Frameworks",
					"@loader_path/Frameworks",
				);
				MARKETING_VERSION = 1.0;
				ONLY_ACTIVE_ARCH = YES;
				PRODUCT_BUNDLE_IDENTIFIER = com.dicoding.academy.Product;
				PRODUCT_NAME = "$(TARGET_NAME:c99extidentifier)";
				SKIP_INSTALL = YES;
				SWIFT_EMIT_LOC_STRINGS = YES;
				SWIFT_VERSION = 5.0;
				TARGETED_DEVICE_FAMILY = "1,2";
			};
			name = Debug;
		};
		2A5F461A291CE1A500216799 /* Release */ = {
			isa = XCBuildConfiguration;
			baseConfigurationReference = 44A060D258EE8A82689E8EE6 /* Pods-Product.release.xcconfig */;
			buildSettings = {
				CODE_SIGN_STYLE = Automatic;
				CURRENT_PROJECT_VERSION = 1;
				DEFINES_MODULE = YES;
				DYLIB_COMPATIBILITY_VERSION = 1;
				DYLIB_CURRENT_VERSION = 1;
				DYLIB_INSTALL_NAME_BASE = "@rpath";
				EXCLUDED_ARCHS = "";
				FRAMEWORK_SEARCH_PATHS = (
					"$(inherited)",
					"$(PROJECT_DIR)",
				);
				GENERATE_INFOPLIST_FILE = YES;
				INFOPLIST_KEY_NSHumanReadableCopyright = "";
				INSTALL_PATH = "$(LOCAL_LIBRARY_DIR)/Frameworks";
				LD_RUNPATH_SEARCH_PATHS = (
					"$(inherited)",
					"@executable_path/Frameworks",
					"@loader_path/Frameworks",
				);
				MARKETING_VERSION = 1.0;
				ONLY_ACTIVE_ARCH = NO;
				PRODUCT_BUNDLE_IDENTIFIER = com.dicoding.academy.Product;
				PRODUCT_NAME = "$(TARGET_NAME:c99extidentifier)";
				SKIP_INSTALL = YES;
				SWIFT_EMIT_LOC_STRINGS = YES;
				SWIFT_VERSION = 5.0;
				TARGETED_DEVICE_FAMILY = "1,2";
			};
			name = Release;
		};
/* End XCBuildConfiguration section */

/* Begin XCConfigurationList section */
		2A5F4609291CE1A500216799 /* Build configuration list for PBXProject "Product" */ = {
			isa = XCConfigurationList;
			buildConfigurations = (
				2A5F4616291CE1A500216799 /* Debug */,
				2A5F4617291CE1A500216799 /* Release */,
			);
			defaultConfigurationIsVisible = 0;
			defaultConfigurationName = Release;
		};
		2A5F4618291CE1A500216799 /* Build configuration list for PBXNativeTarget "Product" */ = {
			isa = XCConfigurationList;
			buildConfigurations = (
				2A5F4619291CE1A500216799 /* Debug */,
				2A5F461A291CE1A500216799 /* Release */,
			);
			defaultConfigurationIsVisible = 0;
			defaultConfigurationName = Release;
		};
/* End XCConfigurationList section */
	};
	rootObject = 2A5F4606291CE1A500216799 /* Project object */;
}
